
Microsoft Visual Studio Solution File, Format Version 12.00
# Visual Studio 2013
VisualStudioVersion = 12.0.30501.0
MinimumVisualStudioVersion = 10.0.40219.1
Project("{FAE04EC0-301F-11D3-BF4B-00C04F79EFBC}") = "Command", "Command\Command.csproj", "{D84A57E9-9CFD-458A-BFB4-A533B5DA762B}"
EndProject
Project("{FAE04EC0-301F-11D3-BF4B-00C04F79EFBC}") = "Adapter", "Adapter\Adapter.csproj", "{88302566-72FA-4290-B9AA-9A8D4538CB51}"
EndProject
Project("{FAE04EC0-301F-11D3-BF4B-00C04F79EFBC}") = "AdapterRobots", "AdapterRobots\AdapterRobots.csproj", "{941A705A-77AC-4F90-B79D-CE29D07751D9}"
EndProject
Project("{FAE04EC0-301F-11D3-BF4B-00C04F79EFBC}") = "Command - Electronic Device", "Command - Electronic Device\Command - Electronic Device.csproj", "{1B805F25-B25F-4647-83D7-B66A42CA9BC9}"
EndProject
Project("{FAE04EC0-301F-11D3-BF4B-00C04F79EFBC}") = "Decorator", "Decorator\Decorator.csproj", "{F5D12075-86DC-43D7-97F5-C5C951CC054F}"
EndProject
Project("{FAE04EC0-301F-11D3-BF4B-00C04F79EFBC}") = "Decorator - Drinks", "Decorator - Drinks\Decorator - Drinks.csproj", "{725F3DE2-4C0E-4CAA-B53C-03A7914E7973}"
EndProject
Project("{FAE04EC0-301F-11D3-BF4B-00C04F79EFBC}") = "Decorator - Pizza", "Decorator - Pizza\Decorator - Pizza.csproj", "{E82126F3-13E2-41AC-8A5A-3D9B5AEE2C72}"
EndProject
Project("{FAE04EC0-301F-11D3-BF4B-00C04F79EFBC}") = "Prototype", "Prototype\Prototype.csproj", "{2F285BA7-3F39-466C-A3D6-299A9169CA0C}"
EndProject
Project("{FAE04EC0-301F-11D3-BF4B-00C04F79EFBC}") = "Prototype - Animal", "Prototype - Animal\Prototype - Animal.csproj", "{E70C6147-D32E-4F78-8F18-4BBF0BB19568}"
EndProject
Project("{FAE04EC0-301F-11D3-BF4B-00C04F79EFBC}") = "Bridge", "Bridge\Bridge.csproj", "{8206BAE2-0914-4BB0-900F-0F619C07921E}"
EndProject
Project("{FAE04EC0-301F-11D3-BF4B-00C04F79EFBC}") = "Bridge - Device", "Bridge - Device\Bridge - Device.csproj", "{921AE823-C7F0-489B-B119-9A2357831D41}"
EndProject
Project("{FAE04EC0-301F-11D3-BF4B-00C04F79EFBC}") = "Builder", "Builder\Builder.csproj", "{9E5759BD-BF2B-4273-89B5-D3FC1187A4E1}"
EndProject
Project("{FAE04EC0-301F-11D3-BF4B-00C04F79EFBC}") = "Builder - Robot", "Builder - Robot\Builder - Robot.csproj", "{E1BE79F8-0E2A-4393-9847-4EC0C10ADFCB}"
EndProject
Project("{FAE04EC0-301F-11D3-BF4B-00C04F79EFBC}") = "Observer", "Observer\Observer.csproj", "{55A4E48D-BDE8-43C8-92BB-F44B4DD309F5}"
EndProject
Project("{FAE04EC0-301F-11D3-BF4B-00C04F79EFBC}") = "Observer - Stocks", "Observer - Stocks\Observer - Stocks.csproj", "{E012572C-1CBB-4844-9031-D2C4444D8887}"
EndProject
Global
	GlobalSection(SolutionConfigurationPlatforms) = preSolution
		Debug|Any CPU = Debug|Any CPU
		Debug|ARM = Debug|ARM
		Debug|x64 = Debug|x64
		Debug|x86 = Debug|x86
		Release|Any CPU = Release|Any CPU
		Release|ARM = Release|ARM
		Release|x64 = Release|x64
		Release|x86 = Release|x86
	EndGlobalSection
	GlobalSection(ProjectConfigurationPlatforms) = postSolution
		{D84A57E9-9CFD-458A-BFB4-A533B5DA762B}.Debug|Any CPU.ActiveCfg = Debug|Any CPU
		{D84A57E9-9CFD-458A-BFB4-A533B5DA762B}.Debug|Any CPU.Build.0 = Debug|Any CPU
		{D84A57E9-9CFD-458A-BFB4-A533B5DA762B}.Debug|ARM.ActiveCfg = Debug|Any CPU
		{D84A57E9-9CFD-458A-BFB4-A533B5DA762B}.Debug|x64.ActiveCfg = Debug|Any CPU
		{D84A57E9-9CFD-458A-BFB4-A533B5DA762B}.Debug|x86.ActiveCfg = Debug|Any CPU
		{D84A57E9-9CFD-458A-BFB4-A533B5DA762B}.Release|Any CPU.ActiveCfg = Release|Any CPU
		{D84A57E9-9CFD-458A-BFB4-A533B5DA762B}.Release|Any CPU.Build.0 = Release|Any CPU
		{D84A57E9-9CFD-458A-BFB4-A533B5DA762B}.Release|ARM.ActiveCfg = Release|Any CPU
		{D84A57E9-9CFD-458A-BFB4-A533B5DA762B}.Release|x64.ActiveCfg = Release|Any CPU
		{D84A57E9-9CFD-458A-BFB4-A533B5DA762B}.Release|x86.ActiveCfg = Release|Any CPU
		{88302566-72FA-4290-B9AA-9A8D4538CB51}.Debug|Any CPU.ActiveCfg = Debug|Any CPU
		{88302566-72FA-4290-B9AA-9A8D4538CB51}.Debug|Any CPU.Build.0 = Debug|Any CPU
		{88302566-72FA-4290-B9AA-9A8D4538CB51}.Debug|ARM.ActiveCfg = Debug|Any CPU
		{88302566-72FA-4290-B9AA-9A8D4538CB51}.Debug|x64.ActiveCfg = Debug|Any CPU
		{88302566-72FA-4290-B9AA-9A8D4538CB51}.Debug|x86.ActiveCfg = Debug|Any CPU
		{88302566-72FA-4290-B9AA-9A8D4538CB51}.Release|Any CPU.ActiveCfg = Release|Any CPU
		{88302566-72FA-4290-B9AA-9A8D4538CB51}.Release|Any CPU.Build.0 = Release|Any CPU
		{88302566-72FA-4290-B9AA-9A8D4538CB51}.Release|ARM.ActiveCfg = Release|Any CPU
		{88302566-72FA-4290-B9AA-9A8D4538CB51}.Release|x64.ActiveCfg = Release|Any CPU
		{88302566-72FA-4290-B9AA-9A8D4538CB51}.Release|x86.ActiveCfg = Release|Any CPU
		{941A705A-77AC-4F90-B79D-CE29D07751D9}.Debug|Any CPU.ActiveCfg = Debug|Any CPU
		{941A705A-77AC-4F90-B79D-CE29D07751D9}.Debug|Any CPU.Build.0 = Debug|Any CPU
		{941A705A-77AC-4F90-B79D-CE29D07751D9}.Debug|ARM.ActiveCfg = Debug|Any CPU
		{941A705A-77AC-4F90-B79D-CE29D07751D9}.Debug|x64.ActiveCfg = Debug|Any CPU
		{941A705A-77AC-4F90-B79D-CE29D07751D9}.Debug|x86.ActiveCfg = Debug|Any CPU
		{941A705A-77AC-4F90-B79D-CE29D07751D9}.Release|Any CPU.ActiveCfg = Release|Any CPU
		{941A705A-77AC-4F90-B79D-CE29D07751D9}.Release|Any CPU.Build.0 = Release|Any CPU
		{941A705A-77AC-4F90-B79D-CE29D07751D9}.Release|ARM.ActiveCfg = Release|Any CPU
		{941A705A-77AC-4F90-B79D-CE29D07751D9}.Release|x64.ActiveCfg = Release|Any CPU
		{941A705A-77AC-4F90-B79D-CE29D07751D9}.Release|x86.ActiveCfg = Release|Any CPU
		{1B805F25-B25F-4647-83D7-B66A42CA9BC9}.Debug|Any CPU.ActiveCfg = Debug|Any CPU
		{1B805F25-B25F-4647-83D7-B66A42CA9BC9}.Debug|Any CPU.Build.0 = Debug|Any CPU
		{1B805F25-B25F-4647-83D7-B66A42CA9BC9}.Debug|ARM.ActiveCfg = Debug|Any CPU
		{1B805F25-B25F-4647-83D7-B66A42CA9BC9}.Debug|x64.ActiveCfg = Debug|Any CPU
		{1B805F25-B25F-4647-83D7-B66A42CA9BC9}.Debug|x86.ActiveCfg = Debug|Any CPU
		{1B805F25-B25F-4647-83D7-B66A42CA9BC9}.Release|Any CPU.ActiveCfg = Release|Any CPU
		{1B805F25-B25F-4647-83D7-B66A42CA9BC9}.Release|Any CPU.Build.0 = Release|Any CPU
		{1B805F25-B25F-4647-83D7-B66A42CA9BC9}.Release|ARM.ActiveCfg = Release|Any CPU
		{1B805F25-B25F-4647-83D7-B66A42CA9BC9}.Release|x64.ActiveCfg = Release|Any CPU
		{1B805F25-B25F-4647-83D7-B66A42CA9BC9}.Release|x86.ActiveCfg = Release|Any CPU
		{F5D12075-86DC-43D7-97F5-C5C951CC054F}.Debug|Any CPU.ActiveCfg = Debug|Any CPU
		{F5D12075-86DC-43D7-97F5-C5C951CC054F}.Debug|Any CPU.Build.0 = Debug|Any CPU
		{F5D12075-86DC-43D7-97F5-C5C951CC054F}.Debug|ARM.ActiveCfg = Debug|Any CPU
		{F5D12075-86DC-43D7-97F5-C5C951CC054F}.Debug|x64.ActiveCfg = Debug|Any CPU
		{F5D12075-86DC-43D7-97F5-C5C951CC054F}.Debug|x86.ActiveCfg = Debug|Any CPU
		{F5D12075-86DC-43D7-97F5-C5C951CC054F}.Release|Any CPU.ActiveCfg = Release|Any CPU
		{F5D12075-86DC-43D7-97F5-C5C951CC054F}.Release|Any CPU.Build.0 = Release|Any CPU
		{F5D12075-86DC-43D7-97F5-C5C951CC054F}.Release|ARM.ActiveCfg = Release|Any CPU
		{F5D12075-86DC-43D7-97F5-C5C951CC054F}.Release|x64.ActiveCfg = Release|Any CPU
		{F5D12075-86DC-43D7-97F5-C5C951CC054F}.Release|x86.ActiveCfg = Release|Any CPU
		{725F3DE2-4C0E-4CAA-B53C-03A7914E7973}.Debug|Any CPU.ActiveCfg = Debug|Any CPU
		{725F3DE2-4C0E-4CAA-B53C-03A7914E7973}.Debug|Any CPU.Build.0 = Debug|Any CPU
		{725F3DE2-4C0E-4CAA-B53C-03A7914E7973}.Debug|ARM.ActiveCfg = Debug|Any CPU
		{725F3DE2-4C0E-4CAA-B53C-03A7914E7973}.Debug|x64.ActiveCfg = Debug|Any CPU
		{725F3DE2-4C0E-4CAA-B53C-03A7914E7973}.Debug|x86.ActiveCfg = Debug|Any CPU
		{725F3DE2-4C0E-4CAA-B53C-03A7914E7973}.Release|Any CPU.ActiveCfg = Release|Any CPU
		{725F3DE2-4C0E-4CAA-B53C-03A7914E7973}.Release|Any CPU.Build.0 = Release|Any CPU
		{725F3DE2-4C0E-4CAA-B53C-03A7914E7973}.Release|ARM.ActiveCfg = Release|Any CPU
		{725F3DE2-4C0E-4CAA-B53C-03A7914E7973}.Release|x64.ActiveCfg = Release|Any CPU
		{725F3DE2-4C0E-4CAA-B53C-03A7914E7973}.Release|x86.ActiveCfg = Release|Any CPU
		{E82126F3-13E2-41AC-8A5A-3D9B5AEE2C72}.Debug|Any CPU.ActiveCfg = Debug|Any CPU
		{E82126F3-13E2-41AC-8A5A-3D9B5AEE2C72}.Debug|Any CPU.Build.0 = Debug|Any CPU
		{E82126F3-13E2-41AC-8A5A-3D9B5AEE2C72}.Debug|ARM.ActiveCfg = Debug|Any CPU
		{E82126F3-13E2-41AC-8A5A-3D9B5AEE2C72}.Debug|x64.ActiveCfg = Debug|Any CPU
		{E82126F3-13E2-41AC-8A5A-3D9B5AEE2C72}.Debug|x86.ActiveCfg = Debug|Any CPU
		{E82126F3-13E2-41AC-8A5A-3D9B5AEE2C72}.Release|Any CPU.ActiveCfg = Release|Any CPU
		{E82126F3-13E2-41AC-8A5A-3D9B5AEE2C72}.Release|Any CPU.Build.0 = Release|Any CPU
		{E82126F3-13E2-41AC-8A5A-3D9B5AEE2C72}.Release|ARM.ActiveCfg = Release|Any CPU
		{E82126F3-13E2-41AC-8A5A-3D9B5AEE2C72}.Release|x64.ActiveCfg = Release|Any CPU
		{E82126F3-13E2-41AC-8A5A-3D9B5AEE2C72}.Release|x86.ActiveCfg = Release|Any CPU
		{2F285BA7-3F39-466C-A3D6-299A9169CA0C}.Debug|Any CPU.ActiveCfg = Debug|Any CPU
		{2F285BA7-3F39-466C-A3D6-299A9169CA0C}.Debug|Any CPU.Build.0 = Debug|Any CPU
		{2F285BA7-3F39-466C-A3D6-299A9169CA0C}.Debug|ARM.ActiveCfg = Debug|Any CPU
		{2F285BA7-3F39-466C-A3D6-299A9169CA0C}.Debug|x64.ActiveCfg = Debug|Any CPU
		{2F285BA7-3F39-466C-A3D6-299A9169CA0C}.Debug|x86.ActiveCfg = Debug|Any CPU
		{2F285BA7-3F39-466C-A3D6-299A9169CA0C}.Release|Any CPU.ActiveCfg = Release|Any CPU
		{2F285BA7-3F39-466C-A3D6-299A9169CA0C}.Release|Any CPU.Build.0 = Release|Any CPU
		{2F285BA7-3F39-466C-A3D6-299A9169CA0C}.Release|ARM.ActiveCfg = Release|Any CPU
		{2F285BA7-3F39-466C-A3D6-299A9169CA0C}.Release|x64.ActiveCfg = Release|Any CPU
		{2F285BA7-3F39-466C-A3D6-299A9169CA0C}.Release|x86.ActiveCfg = Release|Any CPU
		{E70C6147-D32E-4F78-8F18-4BBF0BB19568}.Debug|Any CPU.ActiveCfg = Debug|Any CPU
		{E70C6147-D32E-4F78-8F18-4BBF0BB19568}.Debug|Any CPU.Build.0 = Debug|Any CPU
		{E70C6147-D32E-4F78-8F18-4BBF0BB19568}.Debug|ARM.ActiveCfg = Debug|Any CPU
		{E70C6147-D32E-4F78-8F18-4BBF0BB19568}.Debug|x64.ActiveCfg = Debug|Any CPU
		{E70C6147-D32E-4F78-8F18-4BBF0BB19568}.Debug|x86.ActiveCfg = Debug|Any CPU
		{E70C6147-D32E-4F78-8F18-4BBF0BB19568}.Release|Any CPU.ActiveCfg = Release|Any CPU
		{E70C6147-D32E-4F78-8F18-4BBF0BB19568}.Release|Any CPU.Build.0 = Release|Any CPU
		{E70C6147-D32E-4F78-8F18-4BBF0BB19568}.Release|ARM.ActiveCfg = Release|Any CPU
		{E70C6147-D32E-4F78-8F18-4BBF0BB19568}.Release|x64.ActiveCfg = Release|Any CPU
		{E70C6147-D32E-4F78-8F18-4BBF0BB19568}.Release|x86.ActiveCfg = Release|Any CPU
		{8206BAE2-0914-4BB0-900F-0F619C07921E}.Debug|Any CPU.ActiveCfg = Debug|Any CPU
		{8206BAE2-0914-4BB0-900F-0F619C07921E}.Debug|Any CPU.Build.0 = Debug|Any CPU
		{8206BAE2-0914-4BB0-900F-0F619C07921E}.Debug|ARM.ActiveCfg = Debug|Any CPU
		{8206BAE2-0914-4BB0-900F-0F619C07921E}.Debug|x64.ActiveCfg = Debug|Any CPU
		{8206BAE2-0914-4BB0-900F-0F619C07921E}.Debug|x86.ActiveCfg = Debug|Any CPU
		{8206BAE2-0914-4BB0-900F-0F619C07921E}.Release|Any CPU.ActiveCfg = Release|Any CPU
		{8206BAE2-0914-4BB0-900F-0F619C07921E}.Release|Any CPU.Build.0 = Release|Any CPU
		{8206BAE2-0914-4BB0-900F-0F619C07921E}.Release|ARM.ActiveCfg = Release|Any CPU
		{8206BAE2-0914-4BB0-900F-0F619C07921E}.Release|x64.ActiveCfg = Release|Any CPU
		{8206BAE2-0914-4BB0-900F-0F619C07921E}.Release|x86.ActiveCfg = Release|Any CPU
		{921AE823-C7F0-489B-B119-9A2357831D41}.Debug|Any CPU.ActiveCfg = Debug|Any CPU
		{921AE823-C7F0-489B-B119-9A2357831D41}.Debug|Any CPU.Build.0 = Debug|Any CPU
		{921AE823-C7F0-489B-B119-9A2357831D41}.Debug|ARM.ActiveCfg = Debug|Any CPU
		{921AE823-C7F0-489B-B119-9A2357831D41}.Debug|x64.ActiveCfg = Debug|Any CPU
		{921AE823-C7F0-489B-B119-9A2357831D41}.Debug|x86.ActiveCfg = Debug|Any CPU
		{921AE823-C7F0-489B-B119-9A2357831D41}.Release|Any CPU.ActiveCfg = Release|Any CPU
		{921AE823-C7F0-489B-B119-9A2357831D41}.Release|Any CPU.Build.0 = Release|Any CPU
		{921AE823-C7F0-489B-B119-9A2357831D41}.Release|ARM.ActiveCfg = Release|Any CPU
		{921AE823-C7F0-489B-B119-9A2357831D41}.Release|x64.ActiveCfg = Release|Any CPU
		{921AE823-C7F0-489B-B119-9A2357831D41}.Release|x86.ActiveCfg = Release|Any CPU
		{9E5759BD-BF2B-4273-89B5-D3FC1187A4E1}.Debug|Any CPU.ActiveCfg = Debug|Any CPU
		{9E5759BD-BF2B-4273-89B5-D3FC1187A4E1}.Debug|Any CPU.Build.0 = Debug|Any CPU
		{9E5759BD-BF2B-4273-89B5-D3FC1187A4E1}.Debug|ARM.ActiveCfg = Debug|Any CPU
		{9E5759BD-BF2B-4273-89B5-D3FC1187A4E1}.Debug|x64.ActiveCfg = Debug|Any CPU
		{9E5759BD-BF2B-4273-89B5-D3FC1187A4E1}.Debug|x86.ActiveCfg = Debug|Any CPU
		{9E5759BD-BF2B-4273-89B5-D3FC1187A4E1}.Release|Any CPU.ActiveCfg = Release|Any CPU
		{9E5759BD-BF2B-4273-89B5-D3FC1187A4E1}.Release|Any CPU.Build.0 = Release|Any CPU
		{9E5759BD-BF2B-4273-89B5-D3FC1187A4E1}.Release|ARM.ActiveCfg = Release|Any CPU
		{9E5759BD-BF2B-4273-89B5-D3FC1187A4E1}.Release|x64.ActiveCfg = Release|Any CPU
		{9E5759BD-BF2B-4273-89B5-D3FC1187A4E1}.Release|x86.ActiveCfg = Release|Any CPU
		{E1BE79F8-0E2A-4393-9847-4EC0C10ADFCB}.Debug|Any CPU.ActiveCfg = Debug|Any CPU
		{E1BE79F8-0E2A-4393-9847-4EC0C10ADFCB}.Debug|Any CPU.Build.0 = Debug|Any CPU
		{E1BE79F8-0E2A-4393-9847-4EC0C10ADFCB}.Debug|ARM.ActiveCfg = Debug|Any CPU
		{E1BE79F8-0E2A-4393-9847-4EC0C10ADFCB}.Debug|x64.ActiveCfg = Debug|Any CPU
		{E1BE79F8-0E2A-4393-9847-4EC0C10ADFCB}.Debug|x86.ActiveCfg = Debug|Any CPU
		{E1BE79F8-0E2A-4393-9847-4EC0C10ADFCB}.Release|Any CPU.ActiveCfg = Release|Any CPU
		{E1BE79F8-0E2A-4393-9847-4EC0C10ADFCB}.Release|Any CPU.Build.0 = Release|Any CPU
		{E1BE79F8-0E2A-4393-9847-4EC0C10ADFCB}.Release|ARM.ActiveCfg = Release|Any CPU
		{E1BE79F8-0E2A-4393-9847-4EC0C10ADFCB}.Release|x64.ActiveCfg = Release|Any CPU
		{E1BE79F8-0E2A-4393-9847-4EC0C10ADFCB}.Release|x86.ActiveCfg = Release|Any CPU
		{55A4E48D-BDE8-43C8-92BB-F44B4DD309F5}.Debug|Any CPU.ActiveCfg = Debug|Any CPU
		{55A4E48D-BDE8-43C8-92BB-F44B4DD309F5}.Debug|Any CPU.Build.0 = Debug|Any CPU
		{55A4E48D-BDE8-43C8-92BB-F44B4DD309F5}.Debug|ARM.ActiveCfg = Debug|Any CPU
		{55A4E48D-BDE8-43C8-92BB-F44B4DD309F5}.Debug|x64.ActiveCfg = Debug|Any CPU
		{55A4E48D-BDE8-43C8-92BB-F44B4DD309F5}.Debug|x86.ActiveCfg = Debug|Any CPU
		{55A4E48D-BDE8-43C8-92BB-F44B4DD309F5}.Release|Any CPU.ActiveCfg = Release|Any CPU
		{55A4E48D-BDE8-43C8-92BB-F44B4DD309F5}.Release|Any CPU.Build.0 = Release|Any CPU
		{55A4E48D-BDE8-43C8-92BB-F44B4DD309F5}.Release|ARM.ActiveCfg = Release|Any CPU
		{55A4E48D-BDE8-43C8-92BB-F44B4DD309F5}.Release|x64.ActiveCfg = Release|Any CPU
		{55A4E48D-BDE8-43C8-92BB-F44B4DD309F5}.Release|x86.ActiveCfg = Release|Any CPU
		{E012572C-1CBB-4844-9031-D2C4444D8887}.Debug|Any CPU.ActiveCfg = Debug|Any CPU
		{E012572C-1CBB-4844-9031-D2C4444D8887}.Debug|Any CPU.Build.0 = Debug|Any CPU
		{E012572C-1CBB-4844-9031-D2C4444D8887}.Debug|ARM.ActiveCfg = Debug|Any CPU
		{E012572C-1CBB-4844-9031-D2C4444D8887}.Debug|x64.ActiveCfg = Debug|Any CPU
		{E012572C-1CBB-4844-9031-D2C4444D8887}.Debug|x86.ActiveCfg = Debug|Any CPU
		{E012572C-1CBB-4844-9031-D2C4444D8887}.Release|Any CPU.ActiveCfg = Release|Any CPU
		{E012572C-1CBB-4844-9031-D2C4444D8887}.Release|Any CPU.Build.0 = Release|Any CPU
		{E012572C-1CBB-4844-9031-D2C4444D8887}.Release|ARM.ActiveCfg = Release|Any CPU
		{E012572C-1CBB-4844-9031-D2C4444D8887}.Release|x64.ActiveCfg = Release|Any CPU
		{E012572C-1CBB-4844-9031-D2C4444D8887}.Release|x86.ActiveCfg = Release|Any CPU
	EndGlobalSection
	GlobalSection(SolutionProperties) = preSolution
		HideSolutionNode = FALSE
	EndGlobalSection
EndGlobal
