
Microsoft Visual Studio Solution File, Format Version 12.00
# Visual Studio 2013
VisualStudioVersion = 12.0.30501.0
MinimumVisualStudioVersion = 10.0.40219.1
Project("{FAE04EC0-301F-11D3-BF4B-00C04F79EFBC}") = "Command", "Command\Command.csproj", "{D84A57E9-9CFD-458A-BFB4-A533B5DA762B}"
EndProject
Project("{FAE04EC0-301F-11D3-BF4B-00C04F79EFBC}") = "Adapter", "Adapter\Adapter.csproj", "{88302566-72FA-4290-B9AA-9A8D4538CB51}"
EndProject
Project("{FAE04EC0-301F-11D3-BF4B-00C04F79EFBC}") = "AdapterRobots", "AdapterRobots\AdapterRobots.csproj", "{941A705A-77AC-4F90-B79D-CE29D07751D9}"
EndProject
Project("{FAE04EC0-301F-11D3-BF4B-00C04F79EFBC}") = "Command - Electronic Device", "Command - Electronic Device\Command - Electronic Device.csproj", "{1B805F25-B25F-4647-83D7-B66A42CA9BC9}"
EndProject
Project("{FAE04EC0-301F-11D3-BF4B-00C04F79EFBC}") = "Decorator", "Decorator\Decorator.csproj", "{F5D12075-86DC-43D7-97F5-C5C951CC054F}"
EndProject
Project("{FAE04EC0-301F-11D3-BF4B-00C04F79EFBC}") = "Decorator - Drinks", "Decorator - Drinks\Decorator - Drinks.csproj", "{725F3DE2-4C0E-4CAA-B53C-03A7914E7973}"
EndProject
Project("{FAE04EC0-301F-11D3-BF4B-00C04F79EFBC}") = "Decorator - Pizza", "Decorator - Pizza\Decorator - Pizza.csproj", "{E82126F3-13E2-41AC-8A5A-3D9B5AEE2C72}"
EndProject
Project("{FAE04EC0-301F-11D3-BF4B-00C04F79EFBC}") = "Prototype", "Prototype\Prototype.csproj", "{2F285BA7-3F39-466C-A3D6-299A9169CA0C}"
EndProject
Project("{FAE04EC0-301F-11D3-BF4B-00C04F79EFBC}") = "Prototype - Animal", "Prototype - Animal\Prototype - Animal.csproj", "{E70C6147-D32E-4F78-8F18-4BBF0BB19568}"
EndProject
Project("{FAE04EC0-301F-11D3-BF4B-00C04F79EFBC}") = "Bridge", "Bridge\Bridge.csproj", "{8206BAE2-0914-4BB0-900F-0F619C07921E}"
EndProject
Project("{FAE04EC0-301F-11D3-BF4B-00C04F79EFBC}") = "Bridge - Device", "Bridge - Device\Bridge - Device.csproj", "{921AE823-C7F0-489B-B119-9A2357831D41}"
EndProject
Project("{FAE04EC0-301F-11D3-BF4B-00C04F79EFBC}") = "Builder", "Builder\Builder.csproj", "{9E5759BD-BF2B-4273-89B5-D3FC1187A4E1}"
EndProject
Project("{FAE04EC0-301F-11D3-BF4B-00C04F79EFBC}") = "Builder - Robot", "Builder - Robot\Builder - Robot.csproj", "{E1BE79F8-0E2A-4393-9847-4EC0C10ADFCB}"
EndProject
Project("{FAE04EC0-301F-11D3-BF4B-00C04F79EFBC}") = "Observer", "Observer\Observer.csproj", "{55A4E48D-BDE8-43C8-92BB-F44B4DD309F5}"
EndProject
Project("{FAE04EC0-301F-11D3-BF4B-00C04F79EFBC}") = "Observer - Stocks", "Observer - Stocks\Observer - Stocks.csproj", "{E012572C-1CBB-4844-9031-D2C4444D8887}"
EndProject
Project("{FAE04EC0-301F-11D3-BF4B-00C04F79EFBC}") = "Proxy", "Proxy\Proxy.csproj", "{F35AA35F-AF52-4E3A-80F0-B2021A3AD1B9}"
EndProject
Project("{FAE04EC0-301F-11D3-BF4B-00C04F79EFBC}") = "Proxy - Math", "Proxy - Math\Proxy - Math.csproj", "{3147E753-EEDB-48B6-A4E8-23AE0EF6D0E4}"
EndProject
Project("{FAE04EC0-301F-11D3-BF4B-00C04F79EFBC}") = "Visitor", "Visitor\Visitor.csproj", "{49DD8B3F-B355-469E-A55E-7059BAB19BFF}"
EndProject
Project("{FAE04EC0-301F-11D3-BF4B-00C04F79EFBC}") = "Visitor - Employee", "Visitor - Employee\Visitor - Employee.csproj", "{B30131D6-D27F-4EC2-87A5-79B7C55DD562}"
EndProject
Project("{FAE04EC0-301F-11D3-BF4B-00C04F79EFBC}") = "Template Method", "Template Method\Template Method.csproj", "{83A9AD68-2688-48DC-BB74-912B03E18F3E}"
EndProject
Project("{FAE04EC0-301F-11D3-BF4B-00C04F79EFBC}") = "TemplateMethod - DAO", "TemplateMethod - DAO\TemplateMethod - DAO.csproj", "{C82945E1-DF52-4DBC-9D58-AA6D65E2A334}"
EndProject
Project("{FAE04EC0-301F-11D3-BF4B-00C04F79EFBC}") = "Strategy", "Strategy\Strategy.csproj", "{F19C29A5-8FB1-4F1F-A9A0-F04707DB947E}"
EndProject
Project("{FAE04EC0-301F-11D3-BF4B-00C04F79EFBC}") = "Strategy - Student Records", "Strategy - Student Records\Strategy - Student Records.csproj", "{F129E700-520F-40E5-B6F0-2E026C235D7B}"
EndProject
Project("{FAE04EC0-301F-11D3-BF4B-00C04F79EFBC}") = "Abstract Factory", "Abstract Factory\Abstract Factory.csproj", "{6578A344-E589-4790-B380-B2A2269F2350}"
EndProject
Project("{FAE04EC0-301F-11D3-BF4B-00C04F79EFBC}") = "Abstract Factory - Animals and Continents", "Abstract Factory - Animals and Continents\Abstract Factory - Animals and Continents.csproj", "{6C064762-3660-43C6-975A-0B445DA1361B}"
EndProject
Project("{FAE04EC0-301F-11D3-BF4B-00C04F79EFBC}") = "Composite", "Composite\Composite.csproj", "{9223D78C-F84D-4E9C-B0AE-CE679C584F85}"
EndProject
Project("{FAE04EC0-301F-11D3-BF4B-00C04F79EFBC}") = "Composite - Drawing", "Composite - Drawing\Composite - Drawing.csproj", "{B37EF150-7F6B-46CB-8BB2-EFE8F273ECAA}"
EndProject
Project("{FAE04EC0-301F-11D3-BF4B-00C04F79EFBC}") = "Facade", "Facade\Facade.csproj", "{62C8C9DD-2923-4986-8C28-D8791BF8F522}"
EndProject
Project("{FAE04EC0-301F-11D3-BF4B-00C04F79EFBC}") = "Facade - Mortgage", "Facade - Mortgage\Facade - Mortgage.csproj", "{58EA25EF-0516-4D2B-AB30-0D2B59C2AAC5}"
EndProject
Project("{FAE04EC0-301F-11D3-BF4B-00C04F79EFBC}") = "Flyweight", "Flyweight\Flyweight.csproj", "{7B12D774-873F-4478-9462-6104DF8E183B}"
EndProject
Project("{FAE04EC0-301F-11D3-BF4B-00C04F79EFBC}") = "Flyweight - Character", "Flyweight - Character\Flyweight - Character.csproj", "{377CD391-8547-4181-A199-FA52616A80A4}"
EndProject
Project("{FAE04EC0-301F-11D3-BF4B-00C04F79EFBC}") = "State", "State\State.csproj", "{7B46618F-A2BA-4FC6-9C07-229BF8A9397C}"
EndProject
Project("{FAE04EC0-301F-11D3-BF4B-00C04F79EFBC}") = "State - Bank Account", "State - Bank Account\State - Bank Account.csproj", "{93705E77-3467-4B9E-97A3-827D585A4746}"
EndProject
Project("{FAE04EC0-301F-11D3-BF4B-00C04F79EFBC}") = "Chain of Responsibility", "Chain of Responsibility\Chain of Responsibility.csproj", "{179E8968-6E87-4B66-84FD-EFDFC1EEC7E4}"
EndProject
Project("{FAE04EC0-301F-11D3-BF4B-00C04F79EFBC}") = "Chain of Resposibility - Company", "Chain of Resposibility - Company\Chain of Resposibility - Company.csproj", "{3BF2D111-8AA5-4A61-BBC0-5D5B3ED34F44}"
EndProject
Project("{FAE04EC0-301F-11D3-BF4B-00C04F79EFBC}") = "Interpreter", "Interpreter\Interpreter.csproj", "{CB9C216E-9D01-4380-872D-418284682315}"
EndProject
Project("{FAE04EC0-301F-11D3-BF4B-00C04F79EFBC}") = "Interpreter - Roman Number", "Interpreter - Roman Number\Interpreter - Roman Number.csproj", "{6973978F-BBBF-48A8-8209-395DDFE2DAED}"
EndProject
Project("{FAE04EC0-301F-11D3-BF4B-00C04F79EFBC}") = "Mediator", "Mediator\Mediator.csproj", "{C0825DB9-3546-4BB7-8203-267E8150910B}"
EndProject
Project("{FAE04EC0-301F-11D3-BF4B-00C04F79EFBC}") = "Mediator - Chat Room", "Mediator - Chat Room\Mediator - Chat Room.csproj", "{6A521017-920D-4AC0-BF5B-8247207A4123}"
EndProject
Project("{FAE04EC0-301F-11D3-BF4B-00C04F79EFBC}") = "Decorator - Library", "Decorator - Library\Decorator - Library.csproj", "{3488E36A-9193-49E9-AE1C-6FC5E859F6C5}"
EndProject
Project("{FAE04EC0-301F-11D3-BF4B-00C04F79EFBC}") = "Memento", "Memento\Memento.csproj", "{495C8468-F95B-41A7-B43C-6B1B3ABF8170}"
EndProject
Project("{FAE04EC0-301F-11D3-BF4B-00C04F79EFBC}") = "Memento - Sales", "Memento - Sales\Memento - Sales.csproj", "{EB4DB020-1320-453D-8129-494B2254CC47}"
EndProject
Project("{FAE04EC0-301F-11D3-BF4B-00C04F79EFBC}") = "Iterator", "Iterator\Iterator.csproj", "{1B2F59A8-1606-4773-9B97-D1E6ACE88A33}"
EndProject
Project("{FAE04EC0-301F-11D3-BF4B-00C04F79EFBC}") = "Iterator - Collection", "Iterator - Collection\Iterator - Collection.csproj", "{43E59D15-9B29-438D-BA03-95F6A1E3EBB7}"
EndProject
Project("{FAE04EC0-301F-11D3-BF4B-00C04F79EFBC}") = "Singleton", "Singleton\Singleton.csproj", "{97E879BB-5942-4AE4-B345-096032CA01A9}"
EndProject
Project("{FAE04EC0-301F-11D3-BF4B-00C04F79EFBC}") = "Singleton - Load Balancer", "Singleton - Load Balancer\Singleton - Load Balancer.csproj", "{500B4497-3847-4107-A425-CDB527254C9B}"
EndProject
Project("{FAE04EC0-301F-11D3-BF4B-00C04F79EFBC}") = "Factory Method", "Factory Method\Factory Method.csproj", "{FE13530E-5975-49E9-A92A-0FEF740238BB}"
EndProject
Project("{FAE04EC0-301F-11D3-BF4B-00C04F79EFBC}") = "Factory Method - Documents", "Factory Method - Documents\Factory Method - Documents.csproj", "{C11EFF03-AF88-40E6-B139-562BB944CD20}"
EndProject
Global
	GlobalSection(SolutionConfigurationPlatforms) = preSolution
		Debug|Any CPU = Debug|Any CPU
		Debug|ARM = Debug|ARM
		Debug|x64 = Debug|x64
		Debug|x86 = Debug|x86
		Release|Any CPU = Release|Any CPU
		Release|ARM = Release|ARM
		Release|x64 = Release|x64
		Release|x86 = Release|x86
	EndGlobalSection
	GlobalSection(ProjectConfigurationPlatforms) = postSolution
		{D84A57E9-9CFD-458A-BFB4-A533B5DA762B}.Debug|Any CPU.ActiveCfg = Debug|Any CPU
		{D84A57E9-9CFD-458A-BFB4-A533B5DA762B}.Debug|Any CPU.Build.0 = Debug|Any CPU
		{D84A57E9-9CFD-458A-BFB4-A533B5DA762B}.Debug|ARM.ActiveCfg = Debug|Any CPU
		{D84A57E9-9CFD-458A-BFB4-A533B5DA762B}.Debug|x64.ActiveCfg = Debug|Any CPU
		{D84A57E9-9CFD-458A-BFB4-A533B5DA762B}.Debug|x86.ActiveCfg = Debug|Any CPU
		{D84A57E9-9CFD-458A-BFB4-A533B5DA762B}.Release|Any CPU.ActiveCfg = Release|Any CPU
		{D84A57E9-9CFD-458A-BFB4-A533B5DA762B}.Release|Any CPU.Build.0 = Release|Any CPU
		{D84A57E9-9CFD-458A-BFB4-A533B5DA762B}.Release|ARM.ActiveCfg = Release|Any CPU
		{D84A57E9-9CFD-458A-BFB4-A533B5DA762B}.Release|x64.ActiveCfg = Release|Any CPU
		{D84A57E9-9CFD-458A-BFB4-A533B5DA762B}.Release|x86.ActiveCfg = Release|Any CPU
		{88302566-72FA-4290-B9AA-9A8D4538CB51}.Debug|Any CPU.ActiveCfg = Debug|Any CPU
		{88302566-72FA-4290-B9AA-9A8D4538CB51}.Debug|Any CPU.Build.0 = Debug|Any CPU
		{88302566-72FA-4290-B9AA-9A8D4538CB51}.Debug|ARM.ActiveCfg = Debug|Any CPU
		{88302566-72FA-4290-B9AA-9A8D4538CB51}.Debug|x64.ActiveCfg = Debug|Any CPU
		{88302566-72FA-4290-B9AA-9A8D4538CB51}.Debug|x86.ActiveCfg = Debug|Any CPU
		{88302566-72FA-4290-B9AA-9A8D4538CB51}.Release|Any CPU.ActiveCfg = Release|Any CPU
		{88302566-72FA-4290-B9AA-9A8D4538CB51}.Release|Any CPU.Build.0 = Release|Any CPU
		{88302566-72FA-4290-B9AA-9A8D4538CB51}.Release|ARM.ActiveCfg = Release|Any CPU
		{88302566-72FA-4290-B9AA-9A8D4538CB51}.Release|x64.ActiveCfg = Release|Any CPU
		{88302566-72FA-4290-B9AA-9A8D4538CB51}.Release|x86.ActiveCfg = Release|Any CPU
		{941A705A-77AC-4F90-B79D-CE29D07751D9}.Debug|Any CPU.ActiveCfg = Debug|Any CPU
		{941A705A-77AC-4F90-B79D-CE29D07751D9}.Debug|Any CPU.Build.0 = Debug|Any CPU
		{941A705A-77AC-4F90-B79D-CE29D07751D9}.Debug|ARM.ActiveCfg = Debug|Any CPU
		{941A705A-77AC-4F90-B79D-CE29D07751D9}.Debug|x64.ActiveCfg = Debug|Any CPU
		{941A705A-77AC-4F90-B79D-CE29D07751D9}.Debug|x86.ActiveCfg = Debug|Any CPU
		{941A705A-77AC-4F90-B79D-CE29D07751D9}.Release|Any CPU.ActiveCfg = Release|Any CPU
		{941A705A-77AC-4F90-B79D-CE29D07751D9}.Release|Any CPU.Build.0 = Release|Any CPU
		{941A705A-77AC-4F90-B79D-CE29D07751D9}.Release|ARM.ActiveCfg = Release|Any CPU
		{941A705A-77AC-4F90-B79D-CE29D07751D9}.Release|x64.ActiveCfg = Release|Any CPU
		{941A705A-77AC-4F90-B79D-CE29D07751D9}.Release|x86.ActiveCfg = Release|Any CPU
		{1B805F25-B25F-4647-83D7-B66A42CA9BC9}.Debug|Any CPU.ActiveCfg = Debug|Any CPU
		{1B805F25-B25F-4647-83D7-B66A42CA9BC9}.Debug|Any CPU.Build.0 = Debug|Any CPU
		{1B805F25-B25F-4647-83D7-B66A42CA9BC9}.Debug|ARM.ActiveCfg = Debug|Any CPU
		{1B805F25-B25F-4647-83D7-B66A42CA9BC9}.Debug|x64.ActiveCfg = Debug|Any CPU
		{1B805F25-B25F-4647-83D7-B66A42CA9BC9}.Debug|x86.ActiveCfg = Debug|Any CPU
		{1B805F25-B25F-4647-83D7-B66A42CA9BC9}.Release|Any CPU.ActiveCfg = Release|Any CPU
		{1B805F25-B25F-4647-83D7-B66A42CA9BC9}.Release|Any CPU.Build.0 = Release|Any CPU
		{1B805F25-B25F-4647-83D7-B66A42CA9BC9}.Release|ARM.ActiveCfg = Release|Any CPU
		{1B805F25-B25F-4647-83D7-B66A42CA9BC9}.Release|x64.ActiveCfg = Release|Any CPU
		{1B805F25-B25F-4647-83D7-B66A42CA9BC9}.Release|x86.ActiveCfg = Release|Any CPU
		{F5D12075-86DC-43D7-97F5-C5C951CC054F}.Debug|Any CPU.ActiveCfg = Debug|Any CPU
		{F5D12075-86DC-43D7-97F5-C5C951CC054F}.Debug|Any CPU.Build.0 = Debug|Any CPU
		{F5D12075-86DC-43D7-97F5-C5C951CC054F}.Debug|ARM.ActiveCfg = Debug|Any CPU
		{F5D12075-86DC-43D7-97F5-C5C951CC054F}.Debug|x64.ActiveCfg = Debug|Any CPU
		{F5D12075-86DC-43D7-97F5-C5C951CC054F}.Debug|x86.ActiveCfg = Debug|Any CPU
		{F5D12075-86DC-43D7-97F5-C5C951CC054F}.Release|Any CPU.ActiveCfg = Release|Any CPU
		{F5D12075-86DC-43D7-97F5-C5C951CC054F}.Release|Any CPU.Build.0 = Release|Any CPU
		{F5D12075-86DC-43D7-97F5-C5C951CC054F}.Release|ARM.ActiveCfg = Release|Any CPU
		{F5D12075-86DC-43D7-97F5-C5C951CC054F}.Release|x64.ActiveCfg = Release|Any CPU
		{F5D12075-86DC-43D7-97F5-C5C951CC054F}.Release|x86.ActiveCfg = Release|Any CPU
		{725F3DE2-4C0E-4CAA-B53C-03A7914E7973}.Debug|Any CPU.ActiveCfg = Debug|Any CPU
		{725F3DE2-4C0E-4CAA-B53C-03A7914E7973}.Debug|Any CPU.Build.0 = Debug|Any CPU
		{725F3DE2-4C0E-4CAA-B53C-03A7914E7973}.Debug|ARM.ActiveCfg = Debug|Any CPU
		{725F3DE2-4C0E-4CAA-B53C-03A7914E7973}.Debug|x64.ActiveCfg = Debug|Any CPU
		{725F3DE2-4C0E-4CAA-B53C-03A7914E7973}.Debug|x86.ActiveCfg = Debug|Any CPU
		{725F3DE2-4C0E-4CAA-B53C-03A7914E7973}.Release|Any CPU.ActiveCfg = Release|Any CPU
		{725F3DE2-4C0E-4CAA-B53C-03A7914E7973}.Release|Any CPU.Build.0 = Release|Any CPU
		{725F3DE2-4C0E-4CAA-B53C-03A7914E7973}.Release|ARM.ActiveCfg = Release|Any CPU
		{725F3DE2-4C0E-4CAA-B53C-03A7914E7973}.Release|x64.ActiveCfg = Release|Any CPU
		{725F3DE2-4C0E-4CAA-B53C-03A7914E7973}.Release|x86.ActiveCfg = Release|Any CPU
		{E82126F3-13E2-41AC-8A5A-3D9B5AEE2C72}.Debug|Any CPU.ActiveCfg = Debug|Any CPU
		{E82126F3-13E2-41AC-8A5A-3D9B5AEE2C72}.Debug|Any CPU.Build.0 = Debug|Any CPU
		{E82126F3-13E2-41AC-8A5A-3D9B5AEE2C72}.Debug|ARM.ActiveCfg = Debug|Any CPU
		{E82126F3-13E2-41AC-8A5A-3D9B5AEE2C72}.Debug|x64.ActiveCfg = Debug|Any CPU
		{E82126F3-13E2-41AC-8A5A-3D9B5AEE2C72}.Debug|x86.ActiveCfg = Debug|Any CPU
		{E82126F3-13E2-41AC-8A5A-3D9B5AEE2C72}.Release|Any CPU.ActiveCfg = Release|Any CPU
		{E82126F3-13E2-41AC-8A5A-3D9B5AEE2C72}.Release|Any CPU.Build.0 = Release|Any CPU
		{E82126F3-13E2-41AC-8A5A-3D9B5AEE2C72}.Release|ARM.ActiveCfg = Release|Any CPU
		{E82126F3-13E2-41AC-8A5A-3D9B5AEE2C72}.Release|x64.ActiveCfg = Release|Any CPU
		{E82126F3-13E2-41AC-8A5A-3D9B5AEE2C72}.Release|x86.ActiveCfg = Release|Any CPU
		{2F285BA7-3F39-466C-A3D6-299A9169CA0C}.Debug|Any CPU.ActiveCfg = Debug|Any CPU
		{2F285BA7-3F39-466C-A3D6-299A9169CA0C}.Debug|Any CPU.Build.0 = Debug|Any CPU
		{2F285BA7-3F39-466C-A3D6-299A9169CA0C}.Debug|ARM.ActiveCfg = Debug|Any CPU
		{2F285BA7-3F39-466C-A3D6-299A9169CA0C}.Debug|x64.ActiveCfg = Debug|Any CPU
		{2F285BA7-3F39-466C-A3D6-299A9169CA0C}.Debug|x86.ActiveCfg = Debug|Any CPU
		{2F285BA7-3F39-466C-A3D6-299A9169CA0C}.Release|Any CPU.ActiveCfg = Release|Any CPU
		{2F285BA7-3F39-466C-A3D6-299A9169CA0C}.Release|Any CPU.Build.0 = Release|Any CPU
		{2F285BA7-3F39-466C-A3D6-299A9169CA0C}.Release|ARM.ActiveCfg = Release|Any CPU
		{2F285BA7-3F39-466C-A3D6-299A9169CA0C}.Release|x64.ActiveCfg = Release|Any CPU
		{2F285BA7-3F39-466C-A3D6-299A9169CA0C}.Release|x86.ActiveCfg = Release|Any CPU
		{E70C6147-D32E-4F78-8F18-4BBF0BB19568}.Debug|Any CPU.ActiveCfg = Debug|Any CPU
		{E70C6147-D32E-4F78-8F18-4BBF0BB19568}.Debug|Any CPU.Build.0 = Debug|Any CPU
		{E70C6147-D32E-4F78-8F18-4BBF0BB19568}.Debug|ARM.ActiveCfg = Debug|Any CPU
		{E70C6147-D32E-4F78-8F18-4BBF0BB19568}.Debug|x64.ActiveCfg = Debug|Any CPU
		{E70C6147-D32E-4F78-8F18-4BBF0BB19568}.Debug|x86.ActiveCfg = Debug|Any CPU
		{E70C6147-D32E-4F78-8F18-4BBF0BB19568}.Release|Any CPU.ActiveCfg = Release|Any CPU
		{E70C6147-D32E-4F78-8F18-4BBF0BB19568}.Release|Any CPU.Build.0 = Release|Any CPU
		{E70C6147-D32E-4F78-8F18-4BBF0BB19568}.Release|ARM.ActiveCfg = Release|Any CPU
		{E70C6147-D32E-4F78-8F18-4BBF0BB19568}.Release|x64.ActiveCfg = Release|Any CPU
		{E70C6147-D32E-4F78-8F18-4BBF0BB19568}.Release|x86.ActiveCfg = Release|Any CPU
		{8206BAE2-0914-4BB0-900F-0F619C07921E}.Debug|Any CPU.ActiveCfg = Debug|Any CPU
		{8206BAE2-0914-4BB0-900F-0F619C07921E}.Debug|Any CPU.Build.0 = Debug|Any CPU
		{8206BAE2-0914-4BB0-900F-0F619C07921E}.Debug|ARM.ActiveCfg = Debug|Any CPU
		{8206BAE2-0914-4BB0-900F-0F619C07921E}.Debug|x64.ActiveCfg = Debug|Any CPU
		{8206BAE2-0914-4BB0-900F-0F619C07921E}.Debug|x86.ActiveCfg = Debug|Any CPU
		{8206BAE2-0914-4BB0-900F-0F619C07921E}.Release|Any CPU.ActiveCfg = Release|Any CPU
		{8206BAE2-0914-4BB0-900F-0F619C07921E}.Release|Any CPU.Build.0 = Release|Any CPU
		{8206BAE2-0914-4BB0-900F-0F619C07921E}.Release|ARM.ActiveCfg = Release|Any CPU
		{8206BAE2-0914-4BB0-900F-0F619C07921E}.Release|x64.ActiveCfg = Release|Any CPU
		{8206BAE2-0914-4BB0-900F-0F619C07921E}.Release|x86.ActiveCfg = Release|Any CPU
		{921AE823-C7F0-489B-B119-9A2357831D41}.Debug|Any CPU.ActiveCfg = Debug|Any CPU
		{921AE823-C7F0-489B-B119-9A2357831D41}.Debug|Any CPU.Build.0 = Debug|Any CPU
		{921AE823-C7F0-489B-B119-9A2357831D41}.Debug|ARM.ActiveCfg = Debug|Any CPU
		{921AE823-C7F0-489B-B119-9A2357831D41}.Debug|x64.ActiveCfg = Debug|Any CPU
		{921AE823-C7F0-489B-B119-9A2357831D41}.Debug|x86.ActiveCfg = Debug|Any CPU
		{921AE823-C7F0-489B-B119-9A2357831D41}.Release|Any CPU.ActiveCfg = Release|Any CPU
		{921AE823-C7F0-489B-B119-9A2357831D41}.Release|Any CPU.Build.0 = Release|Any CPU
		{921AE823-C7F0-489B-B119-9A2357831D41}.Release|ARM.ActiveCfg = Release|Any CPU
		{921AE823-C7F0-489B-B119-9A2357831D41}.Release|x64.ActiveCfg = Release|Any CPU
		{921AE823-C7F0-489B-B119-9A2357831D41}.Release|x86.ActiveCfg = Release|Any CPU
		{9E5759BD-BF2B-4273-89B5-D3FC1187A4E1}.Debug|Any CPU.ActiveCfg = Debug|Any CPU
		{9E5759BD-BF2B-4273-89B5-D3FC1187A4E1}.Debug|Any CPU.Build.0 = Debug|Any CPU
		{9E5759BD-BF2B-4273-89B5-D3FC1187A4E1}.Debug|ARM.ActiveCfg = Debug|Any CPU
		{9E5759BD-BF2B-4273-89B5-D3FC1187A4E1}.Debug|x64.ActiveCfg = Debug|Any CPU
		{9E5759BD-BF2B-4273-89B5-D3FC1187A4E1}.Debug|x86.ActiveCfg = Debug|Any CPU
		{9E5759BD-BF2B-4273-89B5-D3FC1187A4E1}.Release|Any CPU.ActiveCfg = Release|Any CPU
		{9E5759BD-BF2B-4273-89B5-D3FC1187A4E1}.Release|Any CPU.Build.0 = Release|Any CPU
		{9E5759BD-BF2B-4273-89B5-D3FC1187A4E1}.Release|ARM.ActiveCfg = Release|Any CPU
		{9E5759BD-BF2B-4273-89B5-D3FC1187A4E1}.Release|x64.ActiveCfg = Release|Any CPU
		{9E5759BD-BF2B-4273-89B5-D3FC1187A4E1}.Release|x86.ActiveCfg = Release|Any CPU
		{E1BE79F8-0E2A-4393-9847-4EC0C10ADFCB}.Debug|Any CPU.ActiveCfg = Debug|Any CPU
		{E1BE79F8-0E2A-4393-9847-4EC0C10ADFCB}.Debug|Any CPU.Build.0 = Debug|Any CPU
		{E1BE79F8-0E2A-4393-9847-4EC0C10ADFCB}.Debug|ARM.ActiveCfg = Debug|Any CPU
		{E1BE79F8-0E2A-4393-9847-4EC0C10ADFCB}.Debug|x64.ActiveCfg = Debug|Any CPU
		{E1BE79F8-0E2A-4393-9847-4EC0C10ADFCB}.Debug|x86.ActiveCfg = Debug|Any CPU
		{E1BE79F8-0E2A-4393-9847-4EC0C10ADFCB}.Release|Any CPU.ActiveCfg = Release|Any CPU
		{E1BE79F8-0E2A-4393-9847-4EC0C10ADFCB}.Release|Any CPU.Build.0 = Release|Any CPU
		{E1BE79F8-0E2A-4393-9847-4EC0C10ADFCB}.Release|ARM.ActiveCfg = Release|Any CPU
		{E1BE79F8-0E2A-4393-9847-4EC0C10ADFCB}.Release|x64.ActiveCfg = Release|Any CPU
		{E1BE79F8-0E2A-4393-9847-4EC0C10ADFCB}.Release|x86.ActiveCfg = Release|Any CPU
		{55A4E48D-BDE8-43C8-92BB-F44B4DD309F5}.Debug|Any CPU.ActiveCfg = Debug|Any CPU
		{55A4E48D-BDE8-43C8-92BB-F44B4DD309F5}.Debug|Any CPU.Build.0 = Debug|Any CPU
		{55A4E48D-BDE8-43C8-92BB-F44B4DD309F5}.Debug|ARM.ActiveCfg = Debug|Any CPU
		{55A4E48D-BDE8-43C8-92BB-F44B4DD309F5}.Debug|x64.ActiveCfg = Debug|Any CPU
		{55A4E48D-BDE8-43C8-92BB-F44B4DD309F5}.Debug|x86.ActiveCfg = Debug|Any CPU
		{55A4E48D-BDE8-43C8-92BB-F44B4DD309F5}.Release|Any CPU.ActiveCfg = Release|Any CPU
		{55A4E48D-BDE8-43C8-92BB-F44B4DD309F5}.Release|Any CPU.Build.0 = Release|Any CPU
		{55A4E48D-BDE8-43C8-92BB-F44B4DD309F5}.Release|ARM.ActiveCfg = Release|Any CPU
		{55A4E48D-BDE8-43C8-92BB-F44B4DD309F5}.Release|x64.ActiveCfg = Release|Any CPU
		{55A4E48D-BDE8-43C8-92BB-F44B4DD309F5}.Release|x86.ActiveCfg = Release|Any CPU
		{E012572C-1CBB-4844-9031-D2C4444D8887}.Debug|Any CPU.ActiveCfg = Debug|Any CPU
		{E012572C-1CBB-4844-9031-D2C4444D8887}.Debug|Any CPU.Build.0 = Debug|Any CPU
		{E012572C-1CBB-4844-9031-D2C4444D8887}.Debug|ARM.ActiveCfg = Debug|Any CPU
		{E012572C-1CBB-4844-9031-D2C4444D8887}.Debug|x64.ActiveCfg = Debug|Any CPU
		{E012572C-1CBB-4844-9031-D2C4444D8887}.Debug|x86.ActiveCfg = Debug|Any CPU
		{E012572C-1CBB-4844-9031-D2C4444D8887}.Release|Any CPU.ActiveCfg = Release|Any CPU
		{E012572C-1CBB-4844-9031-D2C4444D8887}.Release|Any CPU.Build.0 = Release|Any CPU
		{E012572C-1CBB-4844-9031-D2C4444D8887}.Release|ARM.ActiveCfg = Release|Any CPU
		{E012572C-1CBB-4844-9031-D2C4444D8887}.Release|x64.ActiveCfg = Release|Any CPU
		{E012572C-1CBB-4844-9031-D2C4444D8887}.Release|x86.ActiveCfg = Release|Any CPU
		{F35AA35F-AF52-4E3A-80F0-B2021A3AD1B9}.Debug|Any CPU.ActiveCfg = Debug|Any CPU
		{F35AA35F-AF52-4E3A-80F0-B2021A3AD1B9}.Debug|Any CPU.Build.0 = Debug|Any CPU
		{F35AA35F-AF52-4E3A-80F0-B2021A3AD1B9}.Debug|ARM.ActiveCfg = Debug|Any CPU
		{F35AA35F-AF52-4E3A-80F0-B2021A3AD1B9}.Debug|x64.ActiveCfg = Debug|Any CPU
		{F35AA35F-AF52-4E3A-80F0-B2021A3AD1B9}.Debug|x86.ActiveCfg = Debug|Any CPU
		{F35AA35F-AF52-4E3A-80F0-B2021A3AD1B9}.Release|Any CPU.ActiveCfg = Release|Any CPU
		{F35AA35F-AF52-4E3A-80F0-B2021A3AD1B9}.Release|Any CPU.Build.0 = Release|Any CPU
		{F35AA35F-AF52-4E3A-80F0-B2021A3AD1B9}.Release|ARM.ActiveCfg = Release|Any CPU
		{F35AA35F-AF52-4E3A-80F0-B2021A3AD1B9}.Release|x64.ActiveCfg = Release|Any CPU
		{F35AA35F-AF52-4E3A-80F0-B2021A3AD1B9}.Release|x86.ActiveCfg = Release|Any CPU
		{3147E753-EEDB-48B6-A4E8-23AE0EF6D0E4}.Debug|Any CPU.ActiveCfg = Debug|Any CPU
		{3147E753-EEDB-48B6-A4E8-23AE0EF6D0E4}.Debug|Any CPU.Build.0 = Debug|Any CPU
		{3147E753-EEDB-48B6-A4E8-23AE0EF6D0E4}.Debug|ARM.ActiveCfg = Debug|Any CPU
		{3147E753-EEDB-48B6-A4E8-23AE0EF6D0E4}.Debug|x64.ActiveCfg = Debug|Any CPU
		{3147E753-EEDB-48B6-A4E8-23AE0EF6D0E4}.Debug|x86.ActiveCfg = Debug|Any CPU
		{3147E753-EEDB-48B6-A4E8-23AE0EF6D0E4}.Release|Any CPU.ActiveCfg = Release|Any CPU
		{3147E753-EEDB-48B6-A4E8-23AE0EF6D0E4}.Release|Any CPU.Build.0 = Release|Any CPU
		{3147E753-EEDB-48B6-A4E8-23AE0EF6D0E4}.Release|ARM.ActiveCfg = Release|Any CPU
		{3147E753-EEDB-48B6-A4E8-23AE0EF6D0E4}.Release|x64.ActiveCfg = Release|Any CPU
		{3147E753-EEDB-48B6-A4E8-23AE0EF6D0E4}.Release|x86.ActiveCfg = Release|Any CPU
		{49DD8B3F-B355-469E-A55E-7059BAB19BFF}.Debug|Any CPU.ActiveCfg = Debug|Any CPU
		{49DD8B3F-B355-469E-A55E-7059BAB19BFF}.Debug|Any CPU.Build.0 = Debug|Any CPU
		{49DD8B3F-B355-469E-A55E-7059BAB19BFF}.Debug|ARM.ActiveCfg = Debug|Any CPU
		{49DD8B3F-B355-469E-A55E-7059BAB19BFF}.Debug|x64.ActiveCfg = Debug|Any CPU
		{49DD8B3F-B355-469E-A55E-7059BAB19BFF}.Debug|x86.ActiveCfg = Debug|Any CPU
		{49DD8B3F-B355-469E-A55E-7059BAB19BFF}.Release|Any CPU.ActiveCfg = Release|Any CPU
		{49DD8B3F-B355-469E-A55E-7059BAB19BFF}.Release|Any CPU.Build.0 = Release|Any CPU
		{49DD8B3F-B355-469E-A55E-7059BAB19BFF}.Release|ARM.ActiveCfg = Release|Any CPU
		{49DD8B3F-B355-469E-A55E-7059BAB19BFF}.Release|x64.ActiveCfg = Release|Any CPU
		{49DD8B3F-B355-469E-A55E-7059BAB19BFF}.Release|x86.ActiveCfg = Release|Any CPU
		{B30131D6-D27F-4EC2-87A5-79B7C55DD562}.Debug|Any CPU.ActiveCfg = Debug|Any CPU
		{B30131D6-D27F-4EC2-87A5-79B7C55DD562}.Debug|Any CPU.Build.0 = Debug|Any CPU
		{B30131D6-D27F-4EC2-87A5-79B7C55DD562}.Debug|ARM.ActiveCfg = Debug|Any CPU
		{B30131D6-D27F-4EC2-87A5-79B7C55DD562}.Debug|x64.ActiveCfg = Debug|Any CPU
		{B30131D6-D27F-4EC2-87A5-79B7C55DD562}.Debug|x86.ActiveCfg = Debug|Any CPU
		{B30131D6-D27F-4EC2-87A5-79B7C55DD562}.Release|Any CPU.ActiveCfg = Release|Any CPU
		{B30131D6-D27F-4EC2-87A5-79B7C55DD562}.Release|Any CPU.Build.0 = Release|Any CPU
		{B30131D6-D27F-4EC2-87A5-79B7C55DD562}.Release|ARM.ActiveCfg = Release|Any CPU
		{B30131D6-D27F-4EC2-87A5-79B7C55DD562}.Release|x64.ActiveCfg = Release|Any CPU
		{B30131D6-D27F-4EC2-87A5-79B7C55DD562}.Release|x86.ActiveCfg = Release|Any CPU
		{83A9AD68-2688-48DC-BB74-912B03E18F3E}.Debug|Any CPU.ActiveCfg = Debug|Any CPU
		{83A9AD68-2688-48DC-BB74-912B03E18F3E}.Debug|Any CPU.Build.0 = Debug|Any CPU
		{83A9AD68-2688-48DC-BB74-912B03E18F3E}.Debug|ARM.ActiveCfg = Debug|Any CPU
		{83A9AD68-2688-48DC-BB74-912B03E18F3E}.Debug|x64.ActiveCfg = Debug|Any CPU
		{83A9AD68-2688-48DC-BB74-912B03E18F3E}.Debug|x86.ActiveCfg = Debug|Any CPU
		{83A9AD68-2688-48DC-BB74-912B03E18F3E}.Release|Any CPU.ActiveCfg = Release|Any CPU
		{83A9AD68-2688-48DC-BB74-912B03E18F3E}.Release|Any CPU.Build.0 = Release|Any CPU
		{83A9AD68-2688-48DC-BB74-912B03E18F3E}.Release|ARM.ActiveCfg = Release|Any CPU
		{83A9AD68-2688-48DC-BB74-912B03E18F3E}.Release|x64.ActiveCfg = Release|Any CPU
		{83A9AD68-2688-48DC-BB74-912B03E18F3E}.Release|x86.ActiveCfg = Release|Any CPU
		{C82945E1-DF52-4DBC-9D58-AA6D65E2A334}.Debug|Any CPU.ActiveCfg = Debug|Any CPU
		{C82945E1-DF52-4DBC-9D58-AA6D65E2A334}.Debug|Any CPU.Build.0 = Debug|Any CPU
		{C82945E1-DF52-4DBC-9D58-AA6D65E2A334}.Debug|ARM.ActiveCfg = Debug|Any CPU
		{C82945E1-DF52-4DBC-9D58-AA6D65E2A334}.Debug|x64.ActiveCfg = Debug|Any CPU
		{C82945E1-DF52-4DBC-9D58-AA6D65E2A334}.Debug|x86.ActiveCfg = Debug|Any CPU
		{C82945E1-DF52-4DBC-9D58-AA6D65E2A334}.Release|Any CPU.ActiveCfg = Release|Any CPU
		{C82945E1-DF52-4DBC-9D58-AA6D65E2A334}.Release|Any CPU.Build.0 = Release|Any CPU
		{C82945E1-DF52-4DBC-9D58-AA6D65E2A334}.Release|ARM.ActiveCfg = Release|Any CPU
		{C82945E1-DF52-4DBC-9D58-AA6D65E2A334}.Release|x64.ActiveCfg = Release|Any CPU
		{C82945E1-DF52-4DBC-9D58-AA6D65E2A334}.Release|x86.ActiveCfg = Release|Any CPU
		{F19C29A5-8FB1-4F1F-A9A0-F04707DB947E}.Debug|Any CPU.ActiveCfg = Debug|Any CPU
		{F19C29A5-8FB1-4F1F-A9A0-F04707DB947E}.Debug|Any CPU.Build.0 = Debug|Any CPU
		{F19C29A5-8FB1-4F1F-A9A0-F04707DB947E}.Debug|ARM.ActiveCfg = Debug|Any CPU
		{F19C29A5-8FB1-4F1F-A9A0-F04707DB947E}.Debug|x64.ActiveCfg = Debug|Any CPU
		{F19C29A5-8FB1-4F1F-A9A0-F04707DB947E}.Debug|x86.ActiveCfg = Debug|Any CPU
		{F19C29A5-8FB1-4F1F-A9A0-F04707DB947E}.Release|Any CPU.ActiveCfg = Release|Any CPU
		{F19C29A5-8FB1-4F1F-A9A0-F04707DB947E}.Release|Any CPU.Build.0 = Release|Any CPU
		{F19C29A5-8FB1-4F1F-A9A0-F04707DB947E}.Release|ARM.ActiveCfg = Release|Any CPU
		{F19C29A5-8FB1-4F1F-A9A0-F04707DB947E}.Release|x64.ActiveCfg = Release|Any CPU
		{F19C29A5-8FB1-4F1F-A9A0-F04707DB947E}.Release|x86.ActiveCfg = Release|Any CPU
		{F129E700-520F-40E5-B6F0-2E026C235D7B}.Debug|Any CPU.ActiveCfg = Debug|Any CPU
		{F129E700-520F-40E5-B6F0-2E026C235D7B}.Debug|Any CPU.Build.0 = Debug|Any CPU
		{F129E700-520F-40E5-B6F0-2E026C235D7B}.Debug|ARM.ActiveCfg = Debug|Any CPU
		{F129E700-520F-40E5-B6F0-2E026C235D7B}.Debug|x64.ActiveCfg = Debug|Any CPU
		{F129E700-520F-40E5-B6F0-2E026C235D7B}.Debug|x86.ActiveCfg = Debug|Any CPU
		{F129E700-520F-40E5-B6F0-2E026C235D7B}.Release|Any CPU.ActiveCfg = Release|Any CPU
		{F129E700-520F-40E5-B6F0-2E026C235D7B}.Release|Any CPU.Build.0 = Release|Any CPU
		{F129E700-520F-40E5-B6F0-2E026C235D7B}.Release|ARM.ActiveCfg = Release|Any CPU
		{F129E700-520F-40E5-B6F0-2E026C235D7B}.Release|x64.ActiveCfg = Release|Any CPU
		{F129E700-520F-40E5-B6F0-2E026C235D7B}.Release|x86.ActiveCfg = Release|Any CPU
		{6578A344-E589-4790-B380-B2A2269F2350}.Debug|Any CPU.ActiveCfg = Debug|Any CPU
		{6578A344-E589-4790-B380-B2A2269F2350}.Debug|Any CPU.Build.0 = Debug|Any CPU
		{6578A344-E589-4790-B380-B2A2269F2350}.Debug|ARM.ActiveCfg = Debug|Any CPU
		{6578A344-E589-4790-B380-B2A2269F2350}.Debug|x64.ActiveCfg = Debug|Any CPU
		{6578A344-E589-4790-B380-B2A2269F2350}.Debug|x86.ActiveCfg = Debug|Any CPU
		{6578A344-E589-4790-B380-B2A2269F2350}.Release|Any CPU.ActiveCfg = Release|Any CPU
		{6578A344-E589-4790-B380-B2A2269F2350}.Release|Any CPU.Build.0 = Release|Any CPU
		{6578A344-E589-4790-B380-B2A2269F2350}.Release|ARM.ActiveCfg = Release|Any CPU
		{6578A344-E589-4790-B380-B2A2269F2350}.Release|x64.ActiveCfg = Release|Any CPU
		{6578A344-E589-4790-B380-B2A2269F2350}.Release|x86.ActiveCfg = Release|Any CPU
		{6C064762-3660-43C6-975A-0B445DA1361B}.Debug|Any CPU.ActiveCfg = Debug|Any CPU
		{6C064762-3660-43C6-975A-0B445DA1361B}.Debug|Any CPU.Build.0 = Debug|Any CPU
		{6C064762-3660-43C6-975A-0B445DA1361B}.Debug|ARM.ActiveCfg = Debug|Any CPU
		{6C064762-3660-43C6-975A-0B445DA1361B}.Debug|x64.ActiveCfg = Debug|Any CPU
		{6C064762-3660-43C6-975A-0B445DA1361B}.Debug|x86.ActiveCfg = Debug|Any CPU
		{6C064762-3660-43C6-975A-0B445DA1361B}.Release|Any CPU.ActiveCfg = Release|Any CPU
		{6C064762-3660-43C6-975A-0B445DA1361B}.Release|Any CPU.Build.0 = Release|Any CPU
		{6C064762-3660-43C6-975A-0B445DA1361B}.Release|ARM.ActiveCfg = Release|Any CPU
		{6C064762-3660-43C6-975A-0B445DA1361B}.Release|x64.ActiveCfg = Release|Any CPU
		{6C064762-3660-43C6-975A-0B445DA1361B}.Release|x86.ActiveCfg = Release|Any CPU
		{9223D78C-F84D-4E9C-B0AE-CE679C584F85}.Debug|Any CPU.ActiveCfg = Debug|Any CPU
		{9223D78C-F84D-4E9C-B0AE-CE679C584F85}.Debug|Any CPU.Build.0 = Debug|Any CPU
		{9223D78C-F84D-4E9C-B0AE-CE679C584F85}.Debug|ARM.ActiveCfg = Debug|Any CPU
		{9223D78C-F84D-4E9C-B0AE-CE679C584F85}.Debug|x64.ActiveCfg = Debug|Any CPU
		{9223D78C-F84D-4E9C-B0AE-CE679C584F85}.Debug|x86.ActiveCfg = Debug|Any CPU
		{9223D78C-F84D-4E9C-B0AE-CE679C584F85}.Release|Any CPU.ActiveCfg = Release|Any CPU
		{9223D78C-F84D-4E9C-B0AE-CE679C584F85}.Release|Any CPU.Build.0 = Release|Any CPU
		{9223D78C-F84D-4E9C-B0AE-CE679C584F85}.Release|ARM.ActiveCfg = Release|Any CPU
		{9223D78C-F84D-4E9C-B0AE-CE679C584F85}.Release|x64.ActiveCfg = Release|Any CPU
		{9223D78C-F84D-4E9C-B0AE-CE679C584F85}.Release|x86.ActiveCfg = Release|Any CPU
		{B37EF150-7F6B-46CB-8BB2-EFE8F273ECAA}.Debug|Any CPU.ActiveCfg = Debug|Any CPU
		{B37EF150-7F6B-46CB-8BB2-EFE8F273ECAA}.Debug|Any CPU.Build.0 = Debug|Any CPU
		{B37EF150-7F6B-46CB-8BB2-EFE8F273ECAA}.Debug|ARM.ActiveCfg = Debug|Any CPU
		{B37EF150-7F6B-46CB-8BB2-EFE8F273ECAA}.Debug|x64.ActiveCfg = Debug|Any CPU
		{B37EF150-7F6B-46CB-8BB2-EFE8F273ECAA}.Debug|x86.ActiveCfg = Debug|Any CPU
		{B37EF150-7F6B-46CB-8BB2-EFE8F273ECAA}.Release|Any CPU.ActiveCfg = Release|Any CPU
		{B37EF150-7F6B-46CB-8BB2-EFE8F273ECAA}.Release|Any CPU.Build.0 = Release|Any CPU
		{B37EF150-7F6B-46CB-8BB2-EFE8F273ECAA}.Release|ARM.ActiveCfg = Release|Any CPU
		{B37EF150-7F6B-46CB-8BB2-EFE8F273ECAA}.Release|x64.ActiveCfg = Release|Any CPU
		{B37EF150-7F6B-46CB-8BB2-EFE8F273ECAA}.Release|x86.ActiveCfg = Release|Any CPU
		{62C8C9DD-2923-4986-8C28-D8791BF8F522}.Debug|Any CPU.ActiveCfg = Debug|Any CPU
		{62C8C9DD-2923-4986-8C28-D8791BF8F522}.Debug|Any CPU.Build.0 = Debug|Any CPU
		{62C8C9DD-2923-4986-8C28-D8791BF8F522}.Debug|ARM.ActiveCfg = Debug|Any CPU
		{62C8C9DD-2923-4986-8C28-D8791BF8F522}.Debug|x64.ActiveCfg = Debug|Any CPU
		{62C8C9DD-2923-4986-8C28-D8791BF8F522}.Debug|x86.ActiveCfg = Debug|Any CPU
		{62C8C9DD-2923-4986-8C28-D8791BF8F522}.Release|Any CPU.ActiveCfg = Release|Any CPU
		{62C8C9DD-2923-4986-8C28-D8791BF8F522}.Release|Any CPU.Build.0 = Release|Any CPU
		{62C8C9DD-2923-4986-8C28-D8791BF8F522}.Release|ARM.ActiveCfg = Release|Any CPU
		{62C8C9DD-2923-4986-8C28-D8791BF8F522}.Release|x64.ActiveCfg = Release|Any CPU
		{62C8C9DD-2923-4986-8C28-D8791BF8F522}.Release|x86.ActiveCfg = Release|Any CPU
		{58EA25EF-0516-4D2B-AB30-0D2B59C2AAC5}.Debug|Any CPU.ActiveCfg = Debug|Any CPU
		{58EA25EF-0516-4D2B-AB30-0D2B59C2AAC5}.Debug|Any CPU.Build.0 = Debug|Any CPU
		{58EA25EF-0516-4D2B-AB30-0D2B59C2AAC5}.Debug|ARM.ActiveCfg = Debug|Any CPU
		{58EA25EF-0516-4D2B-AB30-0D2B59C2AAC5}.Debug|x64.ActiveCfg = Debug|Any CPU
		{58EA25EF-0516-4D2B-AB30-0D2B59C2AAC5}.Debug|x86.ActiveCfg = Debug|Any CPU
		{58EA25EF-0516-4D2B-AB30-0D2B59C2AAC5}.Release|Any CPU.ActiveCfg = Release|Any CPU
		{58EA25EF-0516-4D2B-AB30-0D2B59C2AAC5}.Release|Any CPU.Build.0 = Release|Any CPU
		{58EA25EF-0516-4D2B-AB30-0D2B59C2AAC5}.Release|ARM.ActiveCfg = Release|Any CPU
		{58EA25EF-0516-4D2B-AB30-0D2B59C2AAC5}.Release|x64.ActiveCfg = Release|Any CPU
		{58EA25EF-0516-4D2B-AB30-0D2B59C2AAC5}.Release|x86.ActiveCfg = Release|Any CPU
		{7B12D774-873F-4478-9462-6104DF8E183B}.Debug|Any CPU.ActiveCfg = Debug|Any CPU
		{7B12D774-873F-4478-9462-6104DF8E183B}.Debug|Any CPU.Build.0 = Debug|Any CPU
		{7B12D774-873F-4478-9462-6104DF8E183B}.Debug|ARM.ActiveCfg = Debug|Any CPU
		{7B12D774-873F-4478-9462-6104DF8E183B}.Debug|x64.ActiveCfg = Debug|Any CPU
		{7B12D774-873F-4478-9462-6104DF8E183B}.Debug|x86.ActiveCfg = Debug|Any CPU
		{7B12D774-873F-4478-9462-6104DF8E183B}.Release|Any CPU.ActiveCfg = Release|Any CPU
		{7B12D774-873F-4478-9462-6104DF8E183B}.Release|Any CPU.Build.0 = Release|Any CPU
		{7B12D774-873F-4478-9462-6104DF8E183B}.Release|ARM.ActiveCfg = Release|Any CPU
		{7B12D774-873F-4478-9462-6104DF8E183B}.Release|x64.ActiveCfg = Release|Any CPU
		{7B12D774-873F-4478-9462-6104DF8E183B}.Release|x86.ActiveCfg = Release|Any CPU
		{377CD391-8547-4181-A199-FA52616A80A4}.Debug|Any CPU.ActiveCfg = Debug|Any CPU
		{377CD391-8547-4181-A199-FA52616A80A4}.Debug|Any CPU.Build.0 = Debug|Any CPU
		{377CD391-8547-4181-A199-FA52616A80A4}.Debug|ARM.ActiveCfg = Debug|Any CPU
		{377CD391-8547-4181-A199-FA52616A80A4}.Debug|x64.ActiveCfg = Debug|Any CPU
		{377CD391-8547-4181-A199-FA52616A80A4}.Debug|x86.ActiveCfg = Debug|Any CPU
		{377CD391-8547-4181-A199-FA52616A80A4}.Release|Any CPU.ActiveCfg = Release|Any CPU
		{377CD391-8547-4181-A199-FA52616A80A4}.Release|Any CPU.Build.0 = Release|Any CPU
		{377CD391-8547-4181-A199-FA52616A80A4}.Release|ARM.ActiveCfg = Release|Any CPU
		{377CD391-8547-4181-A199-FA52616A80A4}.Release|x64.ActiveCfg = Release|Any CPU
		{377CD391-8547-4181-A199-FA52616A80A4}.Release|x86.ActiveCfg = Release|Any CPU
		{7B46618F-A2BA-4FC6-9C07-229BF8A9397C}.Debug|Any CPU.ActiveCfg = Debug|Any CPU
		{7B46618F-A2BA-4FC6-9C07-229BF8A9397C}.Debug|Any CPU.Build.0 = Debug|Any CPU
		{7B46618F-A2BA-4FC6-9C07-229BF8A9397C}.Debug|ARM.ActiveCfg = Debug|Any CPU
		{7B46618F-A2BA-4FC6-9C07-229BF8A9397C}.Debug|x64.ActiveCfg = Debug|Any CPU
		{7B46618F-A2BA-4FC6-9C07-229BF8A9397C}.Debug|x86.ActiveCfg = Debug|Any CPU
		{7B46618F-A2BA-4FC6-9C07-229BF8A9397C}.Release|Any CPU.ActiveCfg = Release|Any CPU
		{7B46618F-A2BA-4FC6-9C07-229BF8A9397C}.Release|Any CPU.Build.0 = Release|Any CPU
		{7B46618F-A2BA-4FC6-9C07-229BF8A9397C}.Release|ARM.ActiveCfg = Release|Any CPU
		{7B46618F-A2BA-4FC6-9C07-229BF8A9397C}.Release|x64.ActiveCfg = Release|Any CPU
		{7B46618F-A2BA-4FC6-9C07-229BF8A9397C}.Release|x86.ActiveCfg = Release|Any CPU
		{93705E77-3467-4B9E-97A3-827D585A4746}.Debug|Any CPU.ActiveCfg = Debug|Any CPU
		{93705E77-3467-4B9E-97A3-827D585A4746}.Debug|Any CPU.Build.0 = Debug|Any CPU
		{93705E77-3467-4B9E-97A3-827D585A4746}.Debug|ARM.ActiveCfg = Debug|Any CPU
		{93705E77-3467-4B9E-97A3-827D585A4746}.Debug|x64.ActiveCfg = Debug|Any CPU
		{93705E77-3467-4B9E-97A3-827D585A4746}.Debug|x86.ActiveCfg = Debug|Any CPU
		{93705E77-3467-4B9E-97A3-827D585A4746}.Release|Any CPU.ActiveCfg = Release|Any CPU
		{93705E77-3467-4B9E-97A3-827D585A4746}.Release|Any CPU.Build.0 = Release|Any CPU
		{93705E77-3467-4B9E-97A3-827D585A4746}.Release|ARM.ActiveCfg = Release|Any CPU
		{93705E77-3467-4B9E-97A3-827D585A4746}.Release|x64.ActiveCfg = Release|Any CPU
		{93705E77-3467-4B9E-97A3-827D585A4746}.Release|x86.ActiveCfg = Release|Any CPU
		{179E8968-6E87-4B66-84FD-EFDFC1EEC7E4}.Debug|Any CPU.ActiveCfg = Debug|Any CPU
		{179E8968-6E87-4B66-84FD-EFDFC1EEC7E4}.Debug|Any CPU.Build.0 = Debug|Any CPU
		{179E8968-6E87-4B66-84FD-EFDFC1EEC7E4}.Debug|ARM.ActiveCfg = Debug|Any CPU
		{179E8968-6E87-4B66-84FD-EFDFC1EEC7E4}.Debug|x64.ActiveCfg = Debug|Any CPU
		{179E8968-6E87-4B66-84FD-EFDFC1EEC7E4}.Debug|x86.ActiveCfg = Debug|Any CPU
		{179E8968-6E87-4B66-84FD-EFDFC1EEC7E4}.Release|Any CPU.ActiveCfg = Release|Any CPU
		{179E8968-6E87-4B66-84FD-EFDFC1EEC7E4}.Release|Any CPU.Build.0 = Release|Any CPU
		{179E8968-6E87-4B66-84FD-EFDFC1EEC7E4}.Release|ARM.ActiveCfg = Release|Any CPU
		{179E8968-6E87-4B66-84FD-EFDFC1EEC7E4}.Release|x64.ActiveCfg = Release|Any CPU
		{179E8968-6E87-4B66-84FD-EFDFC1EEC7E4}.Release|x86.ActiveCfg = Release|Any CPU
		{3BF2D111-8AA5-4A61-BBC0-5D5B3ED34F44}.Debug|Any CPU.ActiveCfg = Debug|Any CPU
		{3BF2D111-8AA5-4A61-BBC0-5D5B3ED34F44}.Debug|Any CPU.Build.0 = Debug|Any CPU
		{3BF2D111-8AA5-4A61-BBC0-5D5B3ED34F44}.Debug|ARM.ActiveCfg = Debug|Any CPU
		{3BF2D111-8AA5-4A61-BBC0-5D5B3ED34F44}.Debug|x64.ActiveCfg = Debug|Any CPU
		{3BF2D111-8AA5-4A61-BBC0-5D5B3ED34F44}.Debug|x86.ActiveCfg = Debug|Any CPU
		{3BF2D111-8AA5-4A61-BBC0-5D5B3ED34F44}.Release|Any CPU.ActiveCfg = Release|Any CPU
		{3BF2D111-8AA5-4A61-BBC0-5D5B3ED34F44}.Release|Any CPU.Build.0 = Release|Any CPU
		{3BF2D111-8AA5-4A61-BBC0-5D5B3ED34F44}.Release|ARM.ActiveCfg = Release|Any CPU
		{3BF2D111-8AA5-4A61-BBC0-5D5B3ED34F44}.Release|x64.ActiveCfg = Release|Any CPU
		{3BF2D111-8AA5-4A61-BBC0-5D5B3ED34F44}.Release|x86.ActiveCfg = Release|Any CPU
		{CB9C216E-9D01-4380-872D-418284682315}.Debug|Any CPU.ActiveCfg = Debug|Any CPU
		{CB9C216E-9D01-4380-872D-418284682315}.Debug|Any CPU.Build.0 = Debug|Any CPU
		{CB9C216E-9D01-4380-872D-418284682315}.Debug|ARM.ActiveCfg = Debug|Any CPU
		{CB9C216E-9D01-4380-872D-418284682315}.Debug|x64.ActiveCfg = Debug|Any CPU
		{CB9C216E-9D01-4380-872D-418284682315}.Debug|x86.ActiveCfg = Debug|Any CPU
		{CB9C216E-9D01-4380-872D-418284682315}.Release|Any CPU.ActiveCfg = Release|Any CPU
		{CB9C216E-9D01-4380-872D-418284682315}.Release|Any CPU.Build.0 = Release|Any CPU
		{CB9C216E-9D01-4380-872D-418284682315}.Release|ARM.ActiveCfg = Release|Any CPU
		{CB9C216E-9D01-4380-872D-418284682315}.Release|x64.ActiveCfg = Release|Any CPU
		{CB9C216E-9D01-4380-872D-418284682315}.Release|x86.ActiveCfg = Release|Any CPU
		{6973978F-BBBF-48A8-8209-395DDFE2DAED}.Debug|Any CPU.ActiveCfg = Debug|Any CPU
		{6973978F-BBBF-48A8-8209-395DDFE2DAED}.Debug|Any CPU.Build.0 = Debug|Any CPU
		{6973978F-BBBF-48A8-8209-395DDFE2DAED}.Debug|ARM.ActiveCfg = Debug|Any CPU
		{6973978F-BBBF-48A8-8209-395DDFE2DAED}.Debug|x64.ActiveCfg = Debug|Any CPU
		{6973978F-BBBF-48A8-8209-395DDFE2DAED}.Debug|x86.ActiveCfg = Debug|Any CPU
		{6973978F-BBBF-48A8-8209-395DDFE2DAED}.Release|Any CPU.ActiveCfg = Release|Any CPU
		{6973978F-BBBF-48A8-8209-395DDFE2DAED}.Release|Any CPU.Build.0 = Release|Any CPU
		{6973978F-BBBF-48A8-8209-395DDFE2DAED}.Release|ARM.ActiveCfg = Release|Any CPU
		{6973978F-BBBF-48A8-8209-395DDFE2DAED}.Release|x64.ActiveCfg = Release|Any CPU
		{6973978F-BBBF-48A8-8209-395DDFE2DAED}.Release|x86.ActiveCfg = Release|Any CPU
		{C0825DB9-3546-4BB7-8203-267E8150910B}.Debug|Any CPU.ActiveCfg = Debug|Any CPU
		{C0825DB9-3546-4BB7-8203-267E8150910B}.Debug|Any CPU.Build.0 = Debug|Any CPU
		{C0825DB9-3546-4BB7-8203-267E8150910B}.Debug|ARM.ActiveCfg = Debug|Any CPU
		{C0825DB9-3546-4BB7-8203-267E8150910B}.Debug|x64.ActiveCfg = Debug|Any CPU
		{C0825DB9-3546-4BB7-8203-267E8150910B}.Debug|x86.ActiveCfg = Debug|Any CPU
		{C0825DB9-3546-4BB7-8203-267E8150910B}.Release|Any CPU.ActiveCfg = Release|Any CPU
		{C0825DB9-3546-4BB7-8203-267E8150910B}.Release|Any CPU.Build.0 = Release|Any CPU
		{C0825DB9-3546-4BB7-8203-267E8150910B}.Release|ARM.ActiveCfg = Release|Any CPU
		{C0825DB9-3546-4BB7-8203-267E8150910B}.Release|x64.ActiveCfg = Release|Any CPU
		{C0825DB9-3546-4BB7-8203-267E8150910B}.Release|x86.ActiveCfg = Release|Any CPU
		{6A521017-920D-4AC0-BF5B-8247207A4123}.Debug|Any CPU.ActiveCfg = Debug|Any CPU
		{6A521017-920D-4AC0-BF5B-8247207A4123}.Debug|Any CPU.Build.0 = Debug|Any CPU
		{6A521017-920D-4AC0-BF5B-8247207A4123}.Debug|ARM.ActiveCfg = Debug|Any CPU
		{6A521017-920D-4AC0-BF5B-8247207A4123}.Debug|x64.ActiveCfg = Debug|Any CPU
		{6A521017-920D-4AC0-BF5B-8247207A4123}.Debug|x86.ActiveCfg = Debug|Any CPU
		{6A521017-920D-4AC0-BF5B-8247207A4123}.Release|Any CPU.ActiveCfg = Release|Any CPU
		{6A521017-920D-4AC0-BF5B-8247207A4123}.Release|Any CPU.Build.0 = Release|Any CPU
		{6A521017-920D-4AC0-BF5B-8247207A4123}.Release|ARM.ActiveCfg = Release|Any CPU
		{6A521017-920D-4AC0-BF5B-8247207A4123}.Release|x64.ActiveCfg = Release|Any CPU
		{6A521017-920D-4AC0-BF5B-8247207A4123}.Release|x86.ActiveCfg = Release|Any CPU
		{3488E36A-9193-49E9-AE1C-6FC5E859F6C5}.Debug|Any CPU.ActiveCfg = Debug|Any CPU
		{3488E36A-9193-49E9-AE1C-6FC5E859F6C5}.Debug|Any CPU.Build.0 = Debug|Any CPU
		{3488E36A-9193-49E9-AE1C-6FC5E859F6C5}.Debug|ARM.ActiveCfg = Debug|Any CPU
		{3488E36A-9193-49E9-AE1C-6FC5E859F6C5}.Debug|x64.ActiveCfg = Debug|Any CPU
		{3488E36A-9193-49E9-AE1C-6FC5E859F6C5}.Debug|x86.ActiveCfg = Debug|Any CPU
		{3488E36A-9193-49E9-AE1C-6FC5E859F6C5}.Release|Any CPU.ActiveCfg = Release|Any CPU
		{3488E36A-9193-49E9-AE1C-6FC5E859F6C5}.Release|Any CPU.Build.0 = Release|Any CPU
		{3488E36A-9193-49E9-AE1C-6FC5E859F6C5}.Release|ARM.ActiveCfg = Release|Any CPU
		{3488E36A-9193-49E9-AE1C-6FC5E859F6C5}.Release|x64.ActiveCfg = Release|Any CPU
		{3488E36A-9193-49E9-AE1C-6FC5E859F6C5}.Release|x86.ActiveCfg = Release|Any CPU
		{495C8468-F95B-41A7-B43C-6B1B3ABF8170}.Debug|Any CPU.ActiveCfg = Debug|Any CPU
		{495C8468-F95B-41A7-B43C-6B1B3ABF8170}.Debug|Any CPU.Build.0 = Debug|Any CPU
		{495C8468-F95B-41A7-B43C-6B1B3ABF8170}.Debug|ARM.ActiveCfg = Debug|Any CPU
		{495C8468-F95B-41A7-B43C-6B1B3ABF8170}.Debug|x64.ActiveCfg = Debug|Any CPU
		{495C8468-F95B-41A7-B43C-6B1B3ABF8170}.Debug|x86.ActiveCfg = Debug|Any CPU
		{495C8468-F95B-41A7-B43C-6B1B3ABF8170}.Release|Any CPU.ActiveCfg = Release|Any CPU
		{495C8468-F95B-41A7-B43C-6B1B3ABF8170}.Release|Any CPU.Build.0 = Release|Any CPU
		{495C8468-F95B-41A7-B43C-6B1B3ABF8170}.Release|ARM.ActiveCfg = Release|Any CPU
		{495C8468-F95B-41A7-B43C-6B1B3ABF8170}.Release|x64.ActiveCfg = Release|Any CPU
		{495C8468-F95B-41A7-B43C-6B1B3ABF8170}.Release|x86.ActiveCfg = Release|Any CPU
		{EB4DB020-1320-453D-8129-494B2254CC47}.Debug|Any CPU.ActiveCfg = Debug|Any CPU
		{EB4DB020-1320-453D-8129-494B2254CC47}.Debug|Any CPU.Build.0 = Debug|Any CPU
		{EB4DB020-1320-453D-8129-494B2254CC47}.Debug|ARM.ActiveCfg = Debug|Any CPU
		{EB4DB020-1320-453D-8129-494B2254CC47}.Debug|x64.ActiveCfg = Debug|Any CPU
		{EB4DB020-1320-453D-8129-494B2254CC47}.Debug|x86.ActiveCfg = Debug|Any CPU
		{EB4DB020-1320-453D-8129-494B2254CC47}.Release|Any CPU.ActiveCfg = Release|Any CPU
		{EB4DB020-1320-453D-8129-494B2254CC47}.Release|Any CPU.Build.0 = Release|Any CPU
		{EB4DB020-1320-453D-8129-494B2254CC47}.Release|ARM.ActiveCfg = Release|Any CPU
		{EB4DB020-1320-453D-8129-494B2254CC47}.Release|x64.ActiveCfg = Release|Any CPU
		{EB4DB020-1320-453D-8129-494B2254CC47}.Release|x86.ActiveCfg = Release|Any CPU
		{1B2F59A8-1606-4773-9B97-D1E6ACE88A33}.Debug|Any CPU.ActiveCfg = Debug|Any CPU
		{1B2F59A8-1606-4773-9B97-D1E6ACE88A33}.Debug|Any CPU.Build.0 = Debug|Any CPU
		{1B2F59A8-1606-4773-9B97-D1E6ACE88A33}.Debug|ARM.ActiveCfg = Debug|Any CPU
		{1B2F59A8-1606-4773-9B97-D1E6ACE88A33}.Debug|x64.ActiveCfg = Debug|Any CPU
		{1B2F59A8-1606-4773-9B97-D1E6ACE88A33}.Debug|x86.ActiveCfg = Debug|Any CPU
		{1B2F59A8-1606-4773-9B97-D1E6ACE88A33}.Release|Any CPU.ActiveCfg = Release|Any CPU
		{1B2F59A8-1606-4773-9B97-D1E6ACE88A33}.Release|Any CPU.Build.0 = Release|Any CPU
		{1B2F59A8-1606-4773-9B97-D1E6ACE88A33}.Release|ARM.ActiveCfg = Release|Any CPU
		{1B2F59A8-1606-4773-9B97-D1E6ACE88A33}.Release|x64.ActiveCfg = Release|Any CPU
		{1B2F59A8-1606-4773-9B97-D1E6ACE88A33}.Release|x86.ActiveCfg = Release|Any CPU
		{43E59D15-9B29-438D-BA03-95F6A1E3EBB7}.Debug|Any CPU.ActiveCfg = Debug|Any CPU
		{43E59D15-9B29-438D-BA03-95F6A1E3EBB7}.Debug|Any CPU.Build.0 = Debug|Any CPU
		{43E59D15-9B29-438D-BA03-95F6A1E3EBB7}.Debug|ARM.ActiveCfg = Debug|Any CPU
		{43E59D15-9B29-438D-BA03-95F6A1E3EBB7}.Debug|x64.ActiveCfg = Debug|Any CPU
		{43E59D15-9B29-438D-BA03-95F6A1E3EBB7}.Debug|x86.ActiveCfg = Debug|Any CPU
		{43E59D15-9B29-438D-BA03-95F6A1E3EBB7}.Release|Any CPU.ActiveCfg = Release|Any CPU
		{43E59D15-9B29-438D-BA03-95F6A1E3EBB7}.Release|Any CPU.Build.0 = Release|Any CPU
		{43E59D15-9B29-438D-BA03-95F6A1E3EBB7}.Release|ARM.ActiveCfg = Release|Any CPU
		{43E59D15-9B29-438D-BA03-95F6A1E3EBB7}.Release|x64.ActiveCfg = Release|Any CPU
		{43E59D15-9B29-438D-BA03-95F6A1E3EBB7}.Release|x86.ActiveCfg = Release|Any CPU
		{97E879BB-5942-4AE4-B345-096032CA01A9}.Debug|Any CPU.ActiveCfg = Debug|Any CPU
		{97E879BB-5942-4AE4-B345-096032CA01A9}.Debug|Any CPU.Build.0 = Debug|Any CPU
		{97E879BB-5942-4AE4-B345-096032CA01A9}.Debug|ARM.ActiveCfg = Debug|Any CPU
		{97E879BB-5942-4AE4-B345-096032CA01A9}.Debug|x64.ActiveCfg = Debug|Any CPU
		{97E879BB-5942-4AE4-B345-096032CA01A9}.Debug|x86.ActiveCfg = Debug|Any CPU
		{97E879BB-5942-4AE4-B345-096032CA01A9}.Release|Any CPU.ActiveCfg = Release|Any CPU
		{97E879BB-5942-4AE4-B345-096032CA01A9}.Release|Any CPU.Build.0 = Release|Any CPU
		{97E879BB-5942-4AE4-B345-096032CA01A9}.Release|ARM.ActiveCfg = Release|Any CPU
		{97E879BB-5942-4AE4-B345-096032CA01A9}.Release|x64.ActiveCfg = Release|Any CPU
		{97E879BB-5942-4AE4-B345-096032CA01A9}.Release|x86.ActiveCfg = Release|Any CPU
		{500B4497-3847-4107-A425-CDB527254C9B}.Debug|Any CPU.ActiveCfg = Debug|Any CPU
		{500B4497-3847-4107-A425-CDB527254C9B}.Debug|Any CPU.Build.0 = Debug|Any CPU
		{500B4497-3847-4107-A425-CDB527254C9B}.Debug|ARM.ActiveCfg = Debug|Any CPU
		{500B4497-3847-4107-A425-CDB527254C9B}.Debug|x64.ActiveCfg = Debug|Any CPU
		{500B4497-3847-4107-A425-CDB527254C9B}.Debug|x86.ActiveCfg = Debug|Any CPU
		{500B4497-3847-4107-A425-CDB527254C9B}.Release|Any CPU.ActiveCfg = Release|Any CPU
		{500B4497-3847-4107-A425-CDB527254C9B}.Release|Any CPU.Build.0 = Release|Any CPU
		{500B4497-3847-4107-A425-CDB527254C9B}.Release|ARM.ActiveCfg = Release|Any CPU
		{500B4497-3847-4107-A425-CDB527254C9B}.Release|x64.ActiveCfg = Release|Any CPU
		{500B4497-3847-4107-A425-CDB527254C9B}.Release|x86.ActiveCfg = Release|Any CPU
		{FE13530E-5975-49E9-A92A-0FEF740238BB}.Debug|Any CPU.ActiveCfg = Debug|Any CPU
		{FE13530E-5975-49E9-A92A-0FEF740238BB}.Debug|Any CPU.Build.0 = Debug|Any CPU
		{FE13530E-5975-49E9-A92A-0FEF740238BB}.Debug|ARM.ActiveCfg = Debug|Any CPU
		{FE13530E-5975-49E9-A92A-0FEF740238BB}.Debug|x64.ActiveCfg = Debug|Any CPU
		{FE13530E-5975-49E9-A92A-0FEF740238BB}.Debug|x86.ActiveCfg = Debug|Any CPU
		{FE13530E-5975-49E9-A92A-0FEF740238BB}.Release|Any CPU.ActiveCfg = Release|Any CPU
		{FE13530E-5975-49E9-A92A-0FEF740238BB}.Release|Any CPU.Build.0 = Release|Any CPU
		{FE13530E-5975-49E9-A92A-0FEF740238BB}.Release|ARM.ActiveCfg = Release|Any CPU
		{FE13530E-5975-49E9-A92A-0FEF740238BB}.Release|x64.ActiveCfg = Release|Any CPU
		{FE13530E-5975-49E9-A92A-0FEF740238BB}.Release|x86.ActiveCfg = Release|Any CPU
		{C11EFF03-AF88-40E6-B139-562BB944CD20}.Debug|Any CPU.ActiveCfg = Debug|Any CPU
		{C11EFF03-AF88-40E6-B139-562BB944CD20}.Debug|Any CPU.Build.0 = Debug|Any CPU
		{C11EFF03-AF88-40E6-B139-562BB944CD20}.Debug|ARM.ActiveCfg = Debug|Any CPU
		{C11EFF03-AF88-40E6-B139-562BB944CD20}.Debug|x64.ActiveCfg = Debug|Any CPU
		{C11EFF03-AF88-40E6-B139-562BB944CD20}.Debug|x86.ActiveCfg = Debug|Any CPU
		{C11EFF03-AF88-40E6-B139-562BB944CD20}.Release|Any CPU.ActiveCfg = Release|Any CPU
		{C11EFF03-AF88-40E6-B139-562BB944CD20}.Release|Any CPU.Build.0 = Release|Any CPU
		{C11EFF03-AF88-40E6-B139-562BB944CD20}.Release|ARM.ActiveCfg = Release|Any CPU
		{C11EFF03-AF88-40E6-B139-562BB944CD20}.Release|x64.ActiveCfg = Release|Any CPU
		{C11EFF03-AF88-40E6-B139-562BB944CD20}.Release|x86.ActiveCfg = Release|Any CPU
	EndGlobalSection
	GlobalSection(SolutionProperties) = preSolution
		HideSolutionNode = FALSE
	EndGlobalSection
EndGlobal
